
Microsoft Visual Studio Solution File, Format Version 12.00
# Visual Studio 2012
Project("{FAE04EC0-301F-11D3-BF4B-00C04F79EFBC}") = "TuCaoBLL", "TuCaoBLL\TuCaoBLL.csproj", "{EBF1D430-DFBD-43BD-9394-4B71952B1CF3}"
EndProject
Project("{FAE04EC0-301F-11D3-BF4B-00C04F79EFBC}") = "TuCaoDAL", "TuCaoDAL\TuCaoDAL.csproj", "{3E6BEA26-B6E1-48FE-8CE6-CFB42E767FE2}"
EndProject
Project("{FAE04EC0-301F-11D3-BF4B-00C04F79EFBC}") = "TuCaoModel", "TuCaoModel\TuCaoModel.csproj", "{144589D2-C8F2-4910-9FA6-42423024351B}"
EndProject
Project("{FAE04EC0-301F-11D3-BF4B-00C04F79EFBC}") = "TuCaoWeb", "TuCaoWeb\TuCaoWeb.csproj", "{C2AA795A-4B07-472E-A57E-17398D9DFE46}"
EndProject
Global
	GlobalSection(SolutionConfigurationPlatforms) = preSolution
		Debug|Any CPU = Debug|Any CPU
		Release|Any CPU = Release|Any CPU
	EndGlobalSection
	GlobalSection(ProjectConfigurationPlatforms) = postSolution
		{EBF1D430-DFBD-43BD-9394-4B71952B1CF3}.Debug|Any CPU.ActiveCfg = Debug|Any CPU
		{EBF1D430-DFBD-43BD-9394-4B71952B1CF3}.Debug|Any CPU.Build.0 = Debug|Any CPU
		{EBF1D430-DFBD-43BD-9394-4B71952B1CF3}.Release|Any CPU.ActiveCfg = Release|Any CPU
		{EBF1D430-DFBD-43BD-9394-4B71952B1CF3}.Release|Any CPU.Build.0 = Release|Any CPU
		{3E6BEA26-B6E1-48FE-8CE6-CFB42E767FE2}.Debug|Any CPU.ActiveCfg = Debug|Any CPU
		{3E6BEA26-B6E1-48FE-8CE6-CFB42E767FE2}.Debug|Any CPU.Build.0 = Debug|Any CPU
		{3E6BEA26-B6E1-48FE-8CE6-CFB42E767FE2}.Release|Any CPU.ActiveCfg = Release|Any CPU
		{3E6BEA26-B6E1-48FE-8CE6-CFB42E767FE2}.Release|Any CPU.Build.0 = Release|Any CPU
		{144589D2-C8F2-4910-9FA6-42423024351B}.Debug|Any CPU.ActiveCfg = Debug|Any CPU
		{144589D2-C8F2-4910-9FA6-42423024351B}.Debug|Any CPU.Build.0 = Debug|Any CPU
		{144589D2-C8F2-4910-9FA6-42423024351B}.Release|Any CPU.ActiveCfg = Release|Any CPU
		{144589D2-C8F2-4910-9FA6-42423024351B}.Release|Any CPU.Build.0 = Release|Any CPU
		{C2AA795A-4B07-472E-A57E-17398D9DFE46}.Debug|Any CPU.ActiveCfg = Debug|Any CPU
		{C2AA795A-4B07-472E-A57E-17398D9DFE46}.Debug|Any CPU.Build.0 = Debug|Any CPU
		{C2AA795A-4B07-472E-A57E-17398D9DFE46}.Release|Any CPU.ActiveCfg = Release|Any CPU
		{C2AA795A-4B07-472E-A57E-17398D9DFE46}.Release|Any CPU.Build.0 = Release|Any CPU
	EndGlobalSection
	GlobalSection(SolutionProperties) = preSolution
		HideSolutionNode = FALSE
	EndGlobalSection
EndGlobal
